
Microsoft Visual Studio Solution File, Format Version 12.00
# Visual Studio 15
VisualStudioVersion = 15.0.27428.2037
MinimumVisualStudioVersion = 10.0.40219.1
Project("{FAE04EC0-301F-11D3-BF4B-00C04F79EFBC}") = "LineChargeJS", "LineChargeJS\LineChargeJS.csproj", "{A91667C7-649D-4C4F-93E8-440BF39D1912}"
EndProject
Global
	GlobalSection(SolutionConfigurationPlatforms) = preSolution
		Debug|Any CPU = Debug|Any CPU
		Release|Any CPU = Release|Any CPU
	EndGlobalSection
	GlobalSection(ProjectConfigurationPlatforms) = postSolution
		{A91667C7-649D-4C4F-93E8-440BF39D1912}.Debug|Any CPU.ActiveCfg = Debug|Any CPU
		{A91667C7-649D-4C4F-93E8-440BF39D1912}.Debug|Any CPU.Build.0 = Debug|Any CPU
		{A91667C7-649D-4C4F-93E8-440BF39D1912}.Release|Any CPU.ActiveCfg = Release|Any CPU
		{A91667C7-649D-4C4F-93E8-440BF39D1912}.Release|Any CPU.Build.0 = Release|Any CPU
	EndGlobalSection
	GlobalSection(SolutionProperties) = preSolution
		HideSolutionNode = FALSE
	EndGlobalSection
	GlobalSection(ExtensibilityGlobals) = postSolution
		SolutionGuid = {8AF250C4-DFAD-406F-832B-F12ED673604F}
	EndGlobalSection
EndGlobal
